
Microsoft Visual Studio Solution File, Format Version 12.00
# Visual Studio Version 16
VisualStudioVersion = 16.0.30611.23
MinimumVisualStudioVersion = 10.0.40219.1
Project("{FAE04EC0-301F-11D3-BF4B-00C04F79EFBC}") = "SaorCon", "SaorCon\SaorCon.csproj", "{6B46F20C-A62A-4CD4-9803-1AA50E396272}"
EndProject
Project("{8BC9CEB8-8B4A-11D0-8D11-00A0C91BC942}") = "BluetoothHandler", "BluetoothHandler\BluetoothHandler.vcxproj", "{8EF8C578-6D46-4683-8E48-04992C2D29A5}"
EndProject
Project("{FAE04EC0-301F-11D3-BF4B-00C04F79EFBC}") = "SaorConMerger", "SaorConMerger\SaorConMerger.csproj", "{2022B2B9-8B9E-4097-B913-E52534EE1016}"
EndProject
Global
	GlobalSection(SolutionConfigurationPlatforms) = preSolution
		Debug|Any CPU = Debug|Any CPU
		Debug|ARM = Debug|ARM
		Debug|ARM64 = Debug|ARM64
		Debug|x64 = Debug|x64
		Debug|x86 = Debug|x86
		Release|Any CPU = Release|Any CPU
		Release|ARM = Release|ARM
		Release|ARM64 = Release|ARM64
		Release|x64 = Release|x64
		Release|x86 = Release|x86
	EndGlobalSection
	GlobalSection(ProjectConfigurationPlatforms) = postSolution
		{6B46F20C-A62A-4CD4-9803-1AA50E396272}.Debug|Any CPU.ActiveCfg = Debug|Any CPU
		{6B46F20C-A62A-4CD4-9803-1AA50E396272}.Debug|Any CPU.Build.0 = Debug|Any CPU
		{6B46F20C-A62A-4CD4-9803-1AA50E396272}.Debug|ARM.ActiveCfg = Debug|Any CPU
		{6B46F20C-A62A-4CD4-9803-1AA50E396272}.Debug|ARM.Build.0 = Debug|Any CPU
		{6B46F20C-A62A-4CD4-9803-1AA50E396272}.Debug|ARM64.ActiveCfg = Debug|Any CPU
		{6B46F20C-A62A-4CD4-9803-1AA50E396272}.Debug|ARM64.Build.0 = Debug|Any CPU
		{6B46F20C-A62A-4CD4-9803-1AA50E396272}.Debug|x64.ActiveCfg = Debug|Any CPU
		{6B46F20C-A62A-4CD4-9803-1AA50E396272}.Debug|x64.Build.0 = Debug|Any CPU
		{6B46F20C-A62A-4CD4-9803-1AA50E396272}.Debug|x86.ActiveCfg = Debug|Any CPU
		{6B46F20C-A62A-4CD4-9803-1AA50E396272}.Debug|x86.Build.0 = Debug|Any CPU
		{6B46F20C-A62A-4CD4-9803-1AA50E396272}.Release|Any CPU.ActiveCfg = Release|Any CPU
		{6B46F20C-A62A-4CD4-9803-1AA50E396272}.Release|Any CPU.Build.0 = Release|Any CPU
		{6B46F20C-A62A-4CD4-9803-1AA50E396272}.Release|ARM.ActiveCfg = Release|Any CPU
		{6B46F20C-A62A-4CD4-9803-1AA50E396272}.Release|ARM.Build.0 = Release|Any CPU
		{6B46F20C-A62A-4CD4-9803-1AA50E396272}.Release|ARM64.ActiveCfg = Release|Any CPU
		{6B46F20C-A62A-4CD4-9803-1AA50E396272}.Release|ARM64.Build.0 = Release|Any CPU
		{6B46F20C-A62A-4CD4-9803-1AA50E396272}.Release|x64.ActiveCfg = Release|Any CPU
		{6B46F20C-A62A-4CD4-9803-1AA50E396272}.Release|x64.Build.0 = Release|Any CPU
		{6B46F20C-A62A-4CD4-9803-1AA50E396272}.Release|x86.ActiveCfg = Release|Any CPU
		{6B46F20C-A62A-4CD4-9803-1AA50E396272}.Release|x86.Build.0 = Release|Any CPU
		{8EF8C578-6D46-4683-8E48-04992C2D29A5}.Debug|Any CPU.ActiveCfg = Debug|Win32
		{8EF8C578-6D46-4683-8E48-04992C2D29A5}.Debug|ARM.ActiveCfg = Debug|Win32
		{8EF8C578-6D46-4683-8E48-04992C2D29A5}.Debug|ARM64.ActiveCfg = Debug|Win32
		{8EF8C578-6D46-4683-8E48-04992C2D29A5}.Debug|x64.ActiveCfg = Debug|x64
		{8EF8C578-6D46-4683-8E48-04992C2D29A5}.Debug|x64.Build.0 = Debug|x64
		{8EF8C578-6D46-4683-8E48-04992C2D29A5}.Debug|x86.ActiveCfg = Debug|Win32
		{8EF8C578-6D46-4683-8E48-04992C2D29A5}.Debug|x86.Build.0 = Debug|Win32
		{8EF8C578-6D46-4683-8E48-04992C2D29A5}.Release|Any CPU.ActiveCfg = Release|Win32
		{8EF8C578-6D46-4683-8E48-04992C2D29A5}.Release|ARM.ActiveCfg = Release|Win32
		{8EF8C578-6D46-4683-8E48-04992C2D29A5}.Release|ARM64.ActiveCfg = Release|Win32
		{8EF8C578-6D46-4683-8E48-04992C2D29A5}.Release|x64.ActiveCfg = Release|x64
		{8EF8C578-6D46-4683-8E48-04992C2D29A5}.Release|x64.Build.0 = Release|x64
		{8EF8C578-6D46-4683-8E48-04992C2D29A5}.Release|x86.ActiveCfg = Release|Win32
		{8EF8C578-6D46-4683-8E48-04992C2D29A5}.Release|x86.Build.0 = Release|Win32
		{2022B2B9-8B9E-4097-B913-E52534EE1016}.Debug|Any CPU.ActiveCfg = Debug|Any CPU
		{2022B2B9-8B9E-4097-B913-E52534EE1016}.Debug|Any CPU.Build.0 = Debug|Any CPU
		{2022B2B9-8B9E-4097-B913-E52534EE1016}.Debug|ARM.ActiveCfg = Debug|Any CPU
		{2022B2B9-8B9E-4097-B913-E52534EE1016}.Debug|ARM.Build.0 = Debug|Any CPU
		{2022B2B9-8B9E-4097-B913-E52534EE1016}.Debug|ARM64.ActiveCfg = Debug|Any CPU
		{2022B2B9-8B9E-4097-B913-E52534EE1016}.Debug|ARM64.Build.0 = Debug|Any CPU
		{2022B2B9-8B9E-4097-B913-E52534EE1016}.Debug|x64.ActiveCfg = Debug|Any CPU
		{2022B2B9-8B9E-4097-B913-E52534EE1016}.Debug|x64.Build.0 = Debug|Any CPU
		{2022B2B9-8B9E-4097-B913-E52534EE1016}.Debug|x86.ActiveCfg = Debug|Any CPU
		{2022B2B9-8B9E-4097-B913-E52534EE1016}.Debug|x86.Build.0 = Debug|Any CPU
		{2022B2B9-8B9E-4097-B913-E52534EE1016}.Release|Any CPU.ActiveCfg = Release|Any CPU
		{2022B2B9-8B9E-4097-B913-E52534EE1016}.Release|Any CPU.Build.0 = Release|Any CPU
		{2022B2B9-8B9E-4097-B913-E52534EE1016}.Release|ARM.ActiveCfg = Release|Any CPU
		{2022B2B9-8B9E-4097-B913-E52534EE1016}.Release|ARM.Build.0 = Release|Any CPU
		{2022B2B9-8B9E-4097-B913-E52534EE1016}.Release|ARM64.ActiveCfg = Release|Any CPU
		{2022B2B9-8B9E-4097-B913-E52534EE1016}.Release|ARM64.Build.0 = Release|Any CPU
		{2022B2B9-8B9E-4097-B913-E52534EE1016}.Release|x64.ActiveCfg = Release|Any CPU
		{2022B2B9-8B9E-4097-B913-E52534EE1016}.Release|x64.Build.0 = Release|Any CPU
		{2022B2B9-8B9E-4097-B913-E52534EE1016}.Release|x86.ActiveCfg = Release|Any CPU
		{2022B2B9-8B9E-4097-B913-E52534EE1016}.Release|x86.Build.0 = Release|Any CPU
	EndGlobalSection
	GlobalSection(SolutionProperties) = preSolution
		HideSolutionNode = FALSE
	EndGlobalSection
	GlobalSection(ExtensibilityGlobals) = postSolution
		SolutionGuid = {258EA685-BA37-4DDA-BD3F-240E77E18CF5}
	EndGlobalSection
EndGlobal
